
Microsoft Visual Studio Solution File, Format Version 12.00
# Visual Studio Version 16
VisualStudioVersion = 16.0.30011.22
MinimumVisualStudioVersion = 10.0.40219.1
Project("{FAE04EC0-301F-11D3-BF4B-00C04F79EFBC}") = "AIForRentersLib", "AIForRentersLib\AIForRentersLib.csproj", "{1C5349EA-2A1A-4F04-8BF3-9D50326AA2AA}"
EndProject
Project("{FAE04EC0-301F-11D3-BF4B-00C04F79EFBC}") = "AIForRentersApp", "AIForRentersApp\AIForRentersApp.csproj", "{BE9D48DD-9476-4126-AC37-B0056BAFB9E9}"
EndProject
Project("{FAE04EC0-301F-11D3-BF4B-00C04F79EFBC}") = "AIForRentersWebForm", "AIForRentersWebForm\AIForRentersWebForm.csproj", "{4F9D2A19-5641-4AC5-B868-CC719BAF9EF2}"
EndProject
Global
	GlobalSection(SolutionConfigurationPlatforms) = preSolution
		Debug|Any CPU = Debug|Any CPU
		Release|Any CPU = Release|Any CPU
	EndGlobalSection
	GlobalSection(ProjectConfigurationPlatforms) = postSolution
		{1C5349EA-2A1A-4F04-8BF3-9D50326AA2AA}.Debug|Any CPU.ActiveCfg = Debug|Any CPU
		{1C5349EA-2A1A-4F04-8BF3-9D50326AA2AA}.Debug|Any CPU.Build.0 = Debug|Any CPU
		{1C5349EA-2A1A-4F04-8BF3-9D50326AA2AA}.Release|Any CPU.ActiveCfg = Release|Any CPU
		{1C5349EA-2A1A-4F04-8BF3-9D50326AA2AA}.Release|Any CPU.Build.0 = Release|Any CPU
		{BE9D48DD-9476-4126-AC37-B0056BAFB9E9}.Debug|Any CPU.ActiveCfg = Debug|Any CPU
		{BE9D48DD-9476-4126-AC37-B0056BAFB9E9}.Debug|Any CPU.Build.0 = Debug|Any CPU
		{BE9D48DD-9476-4126-AC37-B0056BAFB9E9}.Release|Any CPU.ActiveCfg = Release|Any CPU
		{BE9D48DD-9476-4126-AC37-B0056BAFB9E9}.Release|Any CPU.Build.0 = Release|Any CPU
		{4F9D2A19-5641-4AC5-B868-CC719BAF9EF2}.Debug|Any CPU.ActiveCfg = Debug|Any CPU
		{4F9D2A19-5641-4AC5-B868-CC719BAF9EF2}.Debug|Any CPU.Build.0 = Debug|Any CPU
		{4F9D2A19-5641-4AC5-B868-CC719BAF9EF2}.Release|Any CPU.ActiveCfg = Release|Any CPU
		{4F9D2A19-5641-4AC5-B868-CC719BAF9EF2}.Release|Any CPU.Build.0 = Release|Any CPU
	EndGlobalSection
	GlobalSection(SolutionProperties) = preSolution
		HideSolutionNode = FALSE
	EndGlobalSection
	GlobalSection(ExtensibilityGlobals) = postSolution
		SolutionGuid = {5F6FDA07-3234-42F4-A67F-56A2F9D99B70}
	EndGlobalSection
EndGlobal
